// !$*UTF8*$!
{
	archiveVersion = 1;
	classes = {
	};
	objectVersion = 46;
	objects = {

/* Begin PBXBuildFile section */
		0B2B3BDB2D26C6CDCF4BB5F4 /* libPods-GTSpec_Tests.a in Frameworks */ = {isa = PBXBuildFile; fileRef = DD8633E4775586D866B6AD72 /* libPods-GTSpec_Tests.a */; };
		4B7FDC2508399095AC942E58 /* libPods-GTSpec_Example.a in Frameworks */ = {isa = PBXBuildFile; fileRef = B390D8D1569967A7AAA82927 /* libPods-GTSpec_Example.a */; };
		4E4704501E1B67C40000FF42 /* MessageUI.framework in Frameworks */ = {isa = PBXBuildFile; fileRef = 4E47044F1E1B67C40000FF42 /* MessageUI.framework */; };
		4E4704541E1C98610000FF42 /* Launch Screen.storyboard in Resources */ = {isa = PBXBuildFile; fileRef = 4E4704531E1C98610000FF42 /* Launch Screen.storyboard */; };
		4E4704A41E1CA0290000FF42 /* .gitkeep in Resources */ = {isa = PBXBuildFile; fileRef = 4E47047F1E1CA0290000FF42 /* .gitkeep */; };
		4E4704A51E1CA0290000FF42 /* DMPhoneBase.m in Sources */ = {isa = PBXBuildFile; fileRef = 4E4704821E1CA0290000FF42 /* DMPhoneBase.m */; };
		4E4704A61E1CA0290000FF42 /* NSArray+JSONString.m in Sources */ = {isa = PBXBuildFile; fileRef = 4E4704861E1CA0290000FF42 /* NSArray+JSONString.m */; };
		4E4704A71E1CA0290000FF42 /* NSArray+Safe.m in Sources */ = {isa = PBXBuildFile; fileRef = 4E4704881E1CA0290000FF42 /* NSArray+Safe.m */; };
		4E4704A81E1CA0290000FF42 /* NSDictionary+JSONString.m in Sources */ = {isa = PBXBuildFile; fileRef = 4E47048B1E1CA0290000FF42 /* NSDictionary+JSONString.m */; };
		4E4704A91E1CA0290000FF42 /* NSDictionary+TypeSafe.m in Sources */ = {isa = PBXBuildFile; fileRef = 4E47048D1E1CA0290000FF42 /* NSDictionary+TypeSafe.m */; };
		4E4704AA1E1CA0290000FF42 /* NSString+Json.m in Sources */ = {isa = PBXBuildFile; fileRef = 4E4704901E1CA0290000FF42 /* NSString+Json.m */; };
		4E4704AB1E1CA0290000FF42 /* NSString+Size.m in Sources */ = {isa = PBXBuildFile; fileRef = 4E4704921E1CA0290000FF42 /* NSString+Size.m */; };
		4E4704AC1E1CA0290000FF42 /* NSString+Time.m in Sources */ = {isa = PBXBuildFile; fileRef = 4E4704941E1CA0290000FF42 /* NSString+Time.m */; };
		4E4704AD1E1CA0290000FF42 /* NSString+URLEncode.m in Sources */ = {isa = PBXBuildFile; fileRef = 4E4704961E1CA0290000FF42 /* NSString+URLEncode.m */; };
		4E4704AE1E1CA0290000FF42 /* UIView+Sizes.m in Sources */ = {isa = PBXBuildFile; fileRef = 4E4704991E1CA0290000FF42 /* UIView+Sizes.m */; };
		4E4704B51E1CE1670000FF42 /* GTRemindView.m in Sources */ = {isa = PBXBuildFile; fileRef = 4E4704B41E1CE1670000FF42 /* GTRemindView.m */; };
		4E92827A1E121C2B00C64A85 /* .gitkeep in Resources */ = {isa = PBXBuildFile; fileRef = 4E9282751E121C2B00C64A85 /* .gitkeep */; };
		6003F58E195388D20070C39A /* Foundation.framework in Frameworks */ = {isa = PBXBuildFile; fileRef = 6003F58D195388D20070C39A /* Foundation.framework */; };
		6003F590195388D20070C39A /* CoreGraphics.framework in Frameworks */ = {isa = PBXBuildFile; fileRef = 6003F58F195388D20070C39A /* CoreGraphics.framework */; };
		6003F592195388D20070C39A /* UIKit.framework in Frameworks */ = {isa = PBXBuildFile; fileRef = 6003F591195388D20070C39A /* UIKit.framework */; };
		6003F598195388D20070C39A /* InfoPlist.strings in Resources */ = {isa = PBXBuildFile; fileRef = 6003F596195388D20070C39A /* InfoPlist.strings */; };
		6003F59A195388D20070C39A /* main.m in Sources */ = {isa = PBXBuildFile; fileRef = 6003F599195388D20070C39A /* main.m */; };
		6003F59E195388D20070C39A /* GTAppDelegate.m in Sources */ = {isa = PBXBuildFile; fileRef = 6003F59D195388D20070C39A /* GTAppDelegate.m */; };
		6003F5A7195388D20070C39A /* GTViewController.m in Sources */ = {isa = PBXBuildFile; fileRef = 6003F5A6195388D20070C39A /* GTViewController.m */; };
		6003F5A9195388D20070C39A /* Images.xcassets in Resources */ = {isa = PBXBuildFile; fileRef = 6003F5A8195388D20070C39A /* Images.xcassets */; };
		6003F5B0195388D20070C39A /* XCTest.framework in Frameworks */ = {isa = PBXBuildFile; fileRef = 6003F5AF195388D20070C39A /* XCTest.framework */; };
		6003F5B1195388D20070C39A /* Foundation.framework in Frameworks */ = {isa = PBXBuildFile; fileRef = 6003F58D195388D20070C39A /* Foundation.framework */; };
		6003F5B2195388D20070C39A /* UIKit.framework in Frameworks */ = {isa = PBXBuildFile; fileRef = 6003F591195388D20070C39A /* UIKit.framework */; };
		6003F5BA195388D20070C39A /* InfoPlist.strings in Resources */ = {isa = PBXBuildFile; fileRef = 6003F5B8195388D20070C39A /* InfoPlist.strings */; };
		6003F5BC195388D20070C39A /* Tests.m in Sources */ = {isa = PBXBuildFile; fileRef = 6003F5BB195388D20070C39A /* Tests.m */; };
		873B8AEB1B1F5CCA007FD442 /* Main.storyboard in Resources */ = {isa = PBXBuildFile; fileRef = 873B8AEA1B1F5CCA007FD442 /* Main.storyboard */; };
/* End PBXBuildFile section */

/* Begin PBXContainerItemProxy section */
		6003F5B3195388D20070C39A /* PBXContainerItemProxy */ = {
			isa = PBXContainerItemProxy;
			containerPortal = 6003F582195388D10070C39A /* Project object */;
			proxyType = 1;
			remoteGlobalIDString = 6003F589195388D20070C39A;
			remoteInfo = GTSpec;
		};
/* End PBXContainerItemProxy section */

/* Begin PBXFileReference section */
		35B8BAFAFE41979E910C0F91 /* Pods-GTSpec_Example.release.xcconfig */ = {isa = PBXFileReference; includeInIndex = 1; lastKnownFileType = text.xcconfig; name = "Pods-GTSpec_Example.release.xcconfig"; path = "Pods/Target Support Files/Pods-GTSpec_Example/Pods-GTSpec_Example.release.xcconfig"; sourceTree = "<group>"; };
		4E47044F1E1B67C40000FF42 /* MessageUI.framework */ = {isa = PBXFileReference; lastKnownFileType = wrapper.framework; name = MessageUI.framework; path = System/Library/Frameworks/MessageUI.framework; sourceTree = SDKROOT; };
		4E4704531E1C98610000FF42 /* Launch Screen.storyboard */ = {isa = PBXFileReference; fileEncoding = 4; lastKnownFileType = file.storyboard; path = "Launch Screen.storyboard"; sourceTree = "<group>"; };
		4E47047F1E1CA0290000FF42 /* .gitkeep */ = {isa = PBXFileReference; fileEncoding = 4; lastKnownFileType = text; path = .gitkeep; sourceTree = "<group>"; };
		4E4704811E1CA0290000FF42 /* DMPhoneBase.h */ = {isa = PBXFileReference; fileEncoding = 4; lastKnownFileType = sourcecode.c.h; path = DMPhoneBase.h; sourceTree = "<group>"; };
		4E4704821E1CA0290000FF42 /* DMPhoneBase.m */ = {isa = PBXFileReference; fileEncoding = 4; lastKnownFileType = sourcecode.c.objc; path = DMPhoneBase.m; sourceTree = "<group>"; };
		4E4704851E1CA0290000FF42 /* NSArray+JSONString.h */ = {isa = PBXFileReference; fileEncoding = 4; lastKnownFileType = sourcecode.c.h; path = "NSArray+JSONString.h"; sourceTree = "<group>"; };
		4E4704861E1CA0290000FF42 /* NSArray+JSONString.m */ = {isa = PBXFileReference; fileEncoding = 4; lastKnownFileType = sourcecode.c.objc; path = "NSArray+JSONString.m"; sourceTree = "<group>"; };
		4E4704871E1CA0290000FF42 /* NSArray+Safe.h */ = {isa = PBXFileReference; fileEncoding = 4; lastKnownFileType = sourcecode.c.h; path = "NSArray+Safe.h"; sourceTree = "<group>"; };
		4E4704881E1CA0290000FF42 /* NSArray+Safe.m */ = {isa = PBXFileReference; fileEncoding = 4; lastKnownFileType = sourcecode.c.objc; path = "NSArray+Safe.m"; sourceTree = "<group>"; };
		4E47048A1E1CA0290000FF42 /* NSDictionary+JSONString.h */ = {isa = PBXFileReference; fileEncoding = 4; lastKnownFileType = sourcecode.c.h; path = "NSDictionary+JSONString.h"; sourceTree = "<group>"; };
		4E47048B1E1CA0290000FF42 /* NSDictionary+JSONString.m */ = {isa = PBXFileReference; fileEncoding = 4; lastKnownFileType = sourcecode.c.objc; path = "NSDictionary+JSONString.m"; sourceTree = "<group>"; };
		4E47048C1E1CA0290000FF42 /* NSDictionary+TypeSafe.h */ = {isa = PBXFileReference; fileEncoding = 4; lastKnownFileType = sourcecode.c.h; path = "NSDictionary+TypeSafe.h"; sourceTree = "<group>"; };
		4E47048D1E1CA0290000FF42 /* NSDictionary+TypeSafe.m */ = {isa = PBXFileReference; fileEncoding = 4; lastKnownFileType = sourcecode.c.objc; path = "NSDictionary+TypeSafe.m"; sourceTree = "<group>"; };
		4E47048F1E1CA0290000FF42 /* NSString+Json.h */ = {isa = PBXFileReference; fileEncoding = 4; lastKnownFileType = sourcecode.c.h; path = "NSString+Json.h"; sourceTree = "<group>"; };
		4E4704901E1CA0290000FF42 /* NSString+Json.m */ = {isa = PBXFileReference; fileEncoding = 4; lastKnownFileType = sourcecode.c.objc; path = "NSString+Json.m"; sourceTree = "<group>"; };
		4E4704911E1CA0290000FF42 /* NSString+Size.h */ = {isa = PBXFileReference; fileEncoding = 4; lastKnownFileType = sourcecode.c.h; path = "NSString+Size.h"; sourceTree = "<group>"; };
		4E4704921E1CA0290000FF42 /* NSString+Size.m */ = {isa = PBXFileReference; fileEncoding = 4; lastKnownFileType = sourcecode.c.objc; path = "NSString+Size.m"; sourceTree = "<group>"; };
		4E4704931E1CA0290000FF42 /* NSString+Time.h */ = {isa = PBXFileReference; fileEncoding = 4; lastKnownFileType = sourcecode.c.h; path = "NSString+Time.h"; sourceTree = "<group>"; };
		4E4704941E1CA0290000FF42 /* NSString+Time.m */ = {isa = PBXFileReference; fileEncoding = 4; lastKnownFileType = sourcecode.c.objc; path = "NSString+Time.m"; sourceTree = "<group>"; };
		4E4704951E1CA0290000FF42 /* NSString+URLEncode.h */ = {isa = PBXFileReference; fileEncoding = 4; lastKnownFileType = sourcecode.c.h; path = "NSString+URLEncode.h"; sourceTree = "<group>"; };
		4E4704961E1CA0290000FF42 /* NSString+URLEncode.m */ = {isa = PBXFileReference; fileEncoding = 4; lastKnownFileType = sourcecode.c.objc; path = "NSString+URLEncode.m"; sourceTree = "<group>"; };
		4E4704981E1CA0290000FF42 /* UIView+Sizes.h */ = {isa = PBXFileReference; fileEncoding = 4; lastKnownFileType = sourcecode.c.h; path = "UIView+Sizes.h"; sourceTree = "<group>"; };
		4E4704991E1CA0290000FF42 /* UIView+Sizes.m */ = {isa = PBXFileReference; fileEncoding = 4; lastKnownFileType = sourcecode.c.objc; path = "UIView+Sizes.m"; sourceTree = "<group>"; };
		4E47049B1E1CA0290000FF42 /* GTDefine.h */ = {isa = PBXFileReference; fileEncoding = 4; lastKnownFileType = sourcecode.c.h; path = GTDefine.h; sourceTree = "<group>"; };
		4E47049C1E1CA0290000FF42 /* GTEnum.h */ = {isa = PBXFileReference; fileEncoding = 4; lastKnownFileType = sourcecode.c.h; path = GTEnum.h; sourceTree = "<group>"; };
		4E47049D1E1CA0290000FF42 /* MGJEXTScope.h */ = {isa = PBXFileReference; fileEncoding = 4; lastKnownFileType = sourcecode.c.h; path = MGJEXTScope.h; sourceTree = "<group>"; };
		4E47049E1E1CA0290000FF42 /* MGJMacros.h */ = {isa = PBXFileReference; fileEncoding = 4; lastKnownFileType = sourcecode.c.h; path = MGJMacros.h; sourceTree = "<group>"; };
		4E47049F1E1CA0290000FF42 /* MGJMetaMacros.h */ = {isa = PBXFileReference; fileEncoding = 4; lastKnownFileType = sourcecode.c.h; path = MGJMetaMacros.h; sourceTree = "<group>"; };
		4E4704B11E1CCE5A0000FF42 /* GTHeader.h */ = {isa = PBXFileReference; fileEncoding = 4; lastKnownFileType = sourcecode.c.h; path = GTHeader.h; sourceTree = "<group>"; };
		4E4704B31E1CE1670000FF42 /* GTRemindView.h */ = {isa = PBXFileReference; fileEncoding = 4; lastKnownFileType = sourcecode.c.h; path = GTRemindView.h; sourceTree = "<group>"; };
		4E4704B41E1CE1670000FF42 /* GTRemindView.m */ = {isa = PBXFileReference; fileEncoding = 4; lastKnownFileType = sourcecode.c.objc; path = GTRemindView.m; sourceTree = "<group>"; };
		4E9282751E121C2B00C64A85 /* .gitkeep */ = {isa = PBXFileReference; fileEncoding = 4; lastKnownFileType = text; path = .gitkeep; sourceTree = "<group>"; };
		5414211C2C57D94C5448233F /* Pods-GTSpec_Example.debug.xcconfig */ = {isa = PBXFileReference; includeInIndex = 1; lastKnownFileType = text.xcconfig; name = "Pods-GTSpec_Example.debug.xcconfig"; path = "Pods/Target Support Files/Pods-GTSpec_Example/Pods-GTSpec_Example.debug.xcconfig"; sourceTree = "<group>"; };
		6003F58A195388D20070C39A /* GTSpec_Example.app */ = {isa = PBXFileReference; explicitFileType = wrapper.application; includeInIndex = 0; path = GTSpec_Example.app; sourceTree = BUILT_PRODUCTS_DIR; };
		6003F58D195388D20070C39A /* Foundation.framework */ = {isa = PBXFileReference; lastKnownFileType = wrapper.framework; name = Foundation.framework; path = System/Library/Frameworks/Foundation.framework; sourceTree = SDKROOT; };
		6003F58F195388D20070C39A /* CoreGraphics.framework */ = {isa = PBXFileReference; lastKnownFileType = wrapper.framework; name = CoreGraphics.framework; path = System/Library/Frameworks/CoreGraphics.framework; sourceTree = SDKROOT; };
		6003F591195388D20070C39A /* UIKit.framework */ = {isa = PBXFileReference; lastKnownFileType = wrapper.framework; name = UIKit.framework; path = System/Library/Frameworks/UIKit.framework; sourceTree = SDKROOT; };
		6003F595195388D20070C39A /* GTSpec-Info.plist */ = {isa = PBXFileReference; lastKnownFileType = text.plist.xml; path = "GTSpec-Info.plist"; sourceTree = "<group>"; };
		6003F597195388D20070C39A /* en */ = {isa = PBXFileReference; lastKnownFileType = text.plist.strings; name = en; path = en.lproj/InfoPlist.strings; sourceTree = "<group>"; };
		6003F599195388D20070C39A /* main.m */ = {isa = PBXFileReference; lastKnownFileType = sourcecode.c.objc; path = main.m; sourceTree = "<group>"; };
		6003F59B195388D20070C39A /* GTSpec-Prefix.pch */ = {isa = PBXFileReference; lastKnownFileType = sourcecode.c.h; path = "GTSpec-Prefix.pch"; sourceTree = "<group>"; };
		6003F59C195388D20070C39A /* GTAppDelegate.h */ = {isa = PBXFileReference; lastKnownFileType = sourcecode.c.h; path = GTAppDelegate.h; sourceTree = "<group>"; };
		6003F59D195388D20070C39A /* GTAppDelegate.m */ = {isa = PBXFileReference; lastKnownFileType = sourcecode.c.objc; path = GTAppDelegate.m; sourceTree = "<group>"; };
		6003F5A5195388D20070C39A /* GTViewController.h */ = {isa = PBXFileReference; lastKnownFileType = sourcecode.c.h; path = GTViewController.h; sourceTree = "<group>"; };
		6003F5A6195388D20070C39A /* GTViewController.m */ = {isa = PBXFileReference; lastKnownFileType = sourcecode.c.objc; path = GTViewController.m; sourceTree = "<group>"; };
		6003F5A8195388D20070C39A /* Images.xcassets */ = {isa = PBXFileReference; lastKnownFileType = folder.assetcatalog; path = Images.xcassets; sourceTree = "<group>"; };
		6003F5AE195388D20070C39A /* GTSpec_Tests.xctest */ = {isa = PBXFileReference; explicitFileType = wrapper.cfbundle; includeInIndex = 0; path = GTSpec_Tests.xctest; sourceTree = BUILT_PRODUCTS_DIR; };
		6003F5AF195388D20070C39A /* XCTest.framework */ = {isa = PBXFileReference; lastKnownFileType = wrapper.framework; name = XCTest.framework; path = Library/Frameworks/XCTest.framework; sourceTree = DEVELOPER_DIR; };
		6003F5B7195388D20070C39A /* Tests-Info.plist */ = {isa = PBXFileReference; lastKnownFileType = text.plist.xml; path = "Tests-Info.plist"; sourceTree = "<group>"; };
		6003F5B9195388D20070C39A /* en */ = {isa = PBXFileReference; lastKnownFileType = text.plist.strings; name = en; path = en.lproj/InfoPlist.strings; sourceTree = "<group>"; };
		6003F5BB195388D20070C39A /* Tests.m */ = {isa = PBXFileReference; lastKnownFileType = sourcecode.c.objc; path = Tests.m; sourceTree = "<group>"; };
		606FC2411953D9B200FFA9A0 /* Tests-Prefix.pch */ = {isa = PBXFileReference; lastKnownFileType = sourcecode.c.h; path = "Tests-Prefix.pch"; sourceTree = "<group>"; };
		873B8AEA1B1F5CCA007FD442 /* Main.storyboard */ = {isa = PBXFileReference; fileEncoding = 4; lastKnownFileType = file.storyboard; path = Main.storyboard; sourceTree = "<group>"; };
		B390D8D1569967A7AAA82927 /* libPods-GTSpec_Example.a */ = {isa = PBXFileReference; explicitFileType = archive.ar; includeInIndex = 0; path = "libPods-GTSpec_Example.a"; sourceTree = BUILT_PRODUCTS_DIR; };
		C96A7FE1B8D4B8C7CDF96103 /* Pods-GTSpec_Tests.release.xcconfig */ = {isa = PBXFileReference; includeInIndex = 1; lastKnownFileType = text.xcconfig; name = "Pods-GTSpec_Tests.release.xcconfig"; path = "Pods/Target Support Files/Pods-GTSpec_Tests/Pods-GTSpec_Tests.release.xcconfig"; sourceTree = "<group>"; };
		D811B668E0EDDF125894C5ED /* Pods-GTSpec_Tests.debug.xcconfig */ = {isa = PBXFileReference; includeInIndex = 1; lastKnownFileType = text.xcconfig; name = "Pods-GTSpec_Tests.debug.xcconfig"; path = "Pods/Target Support Files/Pods-GTSpec_Tests/Pods-GTSpec_Tests.debug.xcconfig"; sourceTree = "<group>"; };
		DD8633E4775586D866B6AD72 /* libPods-GTSpec_Tests.a */ = {isa = PBXFileReference; explicitFileType = archive.ar; includeInIndex = 0; path = "libPods-GTSpec_Tests.a"; sourceTree = BUILT_PRODUCTS_DIR; };
/* End PBXFileReference section */

/* Begin PBXFrameworksBuildPhase section */
		6003F587195388D20070C39A /* Frameworks */ = {
			isa = PBXFrameworksBuildPhase;
			buildActionMask = 2147483647;
			files = (
				4E4704501E1B67C40000FF42 /* MessageUI.framework in Frameworks */,
				6003F590195388D20070C39A /* CoreGraphics.framework in Frameworks */,
				6003F592195388D20070C39A /* UIKit.framework in Frameworks */,
				6003F58E195388D20070C39A /* Foundation.framework in Frameworks */,
				4B7FDC2508399095AC942E58 /* libPods-GTSpec_Example.a in Frameworks */,
			);
			runOnlyForDeploymentPostprocessing = 0;
		};
		6003F5AB195388D20070C39A /* Frameworks */ = {
			isa = PBXFrameworksBuildPhase;
			buildActionMask = 2147483647;
			files = (
				6003F5B0195388D20070C39A /* XCTest.framework in Frameworks */,
				6003F5B2195388D20070C39A /* UIKit.framework in Frameworks */,
				6003F5B1195388D20070C39A /* Foundation.framework in Frameworks */,
				0B2B3BDB2D26C6CDCF4BB5F4 /* libPods-GTSpec_Tests.a in Frameworks */,
			);
			runOnlyForDeploymentPostprocessing = 0;
		};
/* End PBXFrameworksBuildPhase section */

/* Begin PBXGroup section */
		4E47047E1E1CA0290000FF42 /* Classes */ = {
			isa = PBXGroup;
			children = (
				4E47047F1E1CA0290000FF42 /* .gitkeep */,
				4E4704801E1CA0290000FF42 /* BaseFunction */,
				4E4704831E1CA0290000FF42 /* Categroy */,
				4E47049A1E1CA0290000FF42 /* Defines */,
				4E4704A01E1CA0290000FF42 /* Tools */,
			);
			path = Classes;
			sourceTree = "<group>";
		};
		4E4704801E1CA0290000FF42 /* BaseFunction */ = {
			isa = PBXGroup;
			children = (
				4E4704811E1CA0290000FF42 /* DMPhoneBase.h */,
				4E4704821E1CA0290000FF42 /* DMPhoneBase.m */,
			);
			path = BaseFunction;
			sourceTree = "<group>";
		};
		4E4704831E1CA0290000FF42 /* Categroy */ = {
			isa = PBXGroup;
			children = (
				4E4704841E1CA0290000FF42 /* NSArray+ */,
				4E4704891E1CA0290000FF42 /* NSDictory+ */,
				4E47048E1E1CA0290000FF42 /* NSString+ */,
				4E4704971E1CA0290000FF42 /* View+ */,
			);
			path = Categroy;
			sourceTree = "<group>";
		};
		4E4704841E1CA0290000FF42 /* NSArray+ */ = {
			isa = PBXGroup;
			children = (
				4E4704851E1CA0290000FF42 /* NSArray+JSONString.h */,
				4E4704861E1CA0290000FF42 /* NSArray+JSONString.m */,
				4E4704871E1CA0290000FF42 /* NSArray+Safe.h */,
				4E4704881E1CA0290000FF42 /* NSArray+Safe.m */,
			);
			path = "NSArray+";
			sourceTree = "<group>";
		};
		4E4704891E1CA0290000FF42 /* NSDictory+ */ = {
			isa = PBXGroup;
			children = (
				4E47048A1E1CA0290000FF42 /* NSDictionary+JSONString.h */,
				4E47048B1E1CA0290000FF42 /* NSDictionary+JSONString.m */,
				4E47048C1E1CA0290000FF42 /* NSDictionary+TypeSafe.h */,
				4E47048D1E1CA0290000FF42 /* NSDictionary+TypeSafe.m */,
			);
			path = "NSDictory+";
			sourceTree = "<group>";
		};
		4E47048E1E1CA0290000FF42 /* NSString+ */ = {
			isa = PBXGroup;
			children = (
				4E47048F1E1CA0290000FF42 /* NSString+Json.h */,
				4E4704901E1CA0290000FF42 /* NSString+Json.m */,
				4E4704911E1CA0290000FF42 /* NSString+Size.h */,
				4E4704921E1CA0290000FF42 /* NSString+Size.m */,
				4E4704931E1CA0290000FF42 /* NSString+Time.h */,
				4E4704941E1CA0290000FF42 /* NSString+Time.m */,
				4E4704951E1CA0290000FF42 /* NSString+URLEncode.h */,
				4E4704961E1CA0290000FF42 /* NSString+URLEncode.m */,
			);
			path = "NSString+";
			sourceTree = "<group>";
		};
		4E4704971E1CA0290000FF42 /* View+ */ = {
			isa = PBXGroup;
			children = (
				4E4704981E1CA0290000FF42 /* UIView+Sizes.h */,
				4E4704991E1CA0290000FF42 /* UIView+Sizes.m */,
			);
			path = "View+";
			sourceTree = "<group>";
		};
		4E47049A1E1CA0290000FF42 /* Defines */ = {
			isa = PBXGroup;
			children = (
				4E47049B1E1CA0290000FF42 /* GTDefine.h */,
				4E47049C1E1CA0290000FF42 /* GTEnum.h */,
				4E47049D1E1CA0290000FF42 /* MGJEXTScope.h */,
				4E47049E1E1CA0290000FF42 /* MGJMacros.h */,
				4E47049F1E1CA0290000FF42 /* MGJMetaMacros.h */,
				4E4704B11E1CCE5A0000FF42 /* GTHeader.h */,
			);
			path = Defines;
			sourceTree = "<group>";
		};
		4E4704A01E1CA0290000FF42 /* Tools */ = {
			isa = PBXGroup;
			children = (
				4E4704B21E1CE1670000FF42 /* TipView */,
			);
			path = Tools;
			sourceTree = "<group>";
		};
		4E4704B21E1CE1670000FF42 /* TipView */ = {
			isa = PBXGroup;
			children = (
				4E4704B31E1CE1670000FF42 /* GTRemindView.h */,
				4E4704B41E1CE1670000FF42 /* GTRemindView.m */,
			);
			path = TipView;
			sourceTree = "<group>";
		};
		4E9282741E121C2B00C64A85 /* Assets */ = {
			isa = PBXGroup;
			children = (
				4E9282751E121C2B00C64A85 /* .gitkeep */,
			);
			path = Assets;
			sourceTree = "<group>";
		};
		6003F581195388D10070C39A = {
			isa = PBXGroup;
			children = (
				4E9282741E121C2B00C64A85 /* Assets */,
				60FF7A9C1954A5C5007DD14C /* Podspec Metadata */,
				6003F593195388D20070C39A /* Example for GTSpec */,
				6003F5B5195388D20070C39A /* Tests */,
				6003F58C195388D20070C39A /* Frameworks */,
				6003F58B195388D20070C39A /* Products */,
				F3033189C75257D09826FF85 /* Pods */,
			);
			sourceTree = "<group>";
		};
		6003F58B195388D20070C39A /* Products */ = {
			isa = PBXGroup;
			children = (
				6003F58A195388D20070C39A /* GTSpec_Example.app */,
				6003F5AE195388D20070C39A /* GTSpec_Tests.xctest */,
			);
			name = Products;
			sourceTree = "<group>";
		};
		6003F58C195388D20070C39A /* Frameworks */ = {
			isa = PBXGroup;
			children = (
				4E47044F1E1B67C40000FF42 /* MessageUI.framework */,
				6003F58D195388D20070C39A /* Foundation.framework */,
				6003F58F195388D20070C39A /* CoreGraphics.framework */,
				6003F591195388D20070C39A /* UIKit.framework */,
				6003F5AF195388D20070C39A /* XCTest.framework */,
				B390D8D1569967A7AAA82927 /* libPods-GTSpec_Example.a */,
				DD8633E4775586D866B6AD72 /* libPods-GTSpec_Tests.a */,
			);
			name = Frameworks;
			sourceTree = "<group>";
		};
		6003F593195388D20070C39A /* Example for GTSpec */ = {
			isa = PBXGroup;
			children = (
				6003F59C195388D20070C39A /* GTAppDelegate.h */,
				6003F59D195388D20070C39A /* GTAppDelegate.m */,
				873B8AEA1B1F5CCA007FD442 /* Main.storyboard */,
				6003F5A5195388D20070C39A /* GTViewController.h */,
				6003F5A6195388D20070C39A /* GTViewController.m */,
				6003F5A8195388D20070C39A /* Images.xcassets */,
				4E47047E1E1CA0290000FF42 /* Classes */,
				6003F594195388D20070C39A /* Supporting Files */,
				4E4704531E1C98610000FF42 /* Launch Screen.storyboard */,
			);
			name = "Example for GTSpec";
			path = GTSpec;
			sourceTree = "<group>";
		};
		6003F594195388D20070C39A /* Supporting Files */ = {
			isa = PBXGroup;
			children = (
				6003F595195388D20070C39A /* GTSpec-Info.plist */,
				6003F596195388D20070C39A /* InfoPlist.strings */,
				6003F599195388D20070C39A /* main.m */,
				6003F59B195388D20070C39A /* GTSpec-Prefix.pch */,
			);
			name = "Supporting Files";
			sourceTree = "<group>";
		};
		6003F5B5195388D20070C39A /* Tests */ = {
			isa = PBXGroup;
			children = (
				6003F5BB195388D20070C39A /* Tests.m */,
				6003F5B6195388D20070C39A /* Supporting Files */,
			);
			path = Tests;
			sourceTree = "<group>";
		};
		6003F5B6195388D20070C39A /* Supporting Files */ = {
			isa = PBXGroup;
			children = (
				6003F5B7195388D20070C39A /* Tests-Info.plist */,
				6003F5B8195388D20070C39A /* InfoPlist.strings */,
				606FC2411953D9B200FFA9A0 /* Tests-Prefix.pch */,
			);
			name = "Supporting Files";
			sourceTree = "<group>";
		};
		60FF7A9C1954A5C5007DD14C /* Podspec Metadata */ = {
			isa = PBXGroup;
			children = (
			);
			name = "Podspec Metadata";
			sourceTree = "<group>";
		};
		F3033189C75257D09826FF85 /* Pods */ = {
			isa = PBXGroup;
			children = (
				5414211C2C57D94C5448233F /* Pods-GTSpec_Example.debug.xcconfig */,
				35B8BAFAFE41979E910C0F91 /* Pods-GTSpec_Example.release.xcconfig */,
				D811B668E0EDDF125894C5ED /* Pods-GTSpec_Tests.debug.xcconfig */,
				C96A7FE1B8D4B8C7CDF96103 /* Pods-GTSpec_Tests.release.xcconfig */,
			);
			name = Pods;
			sourceTree = "<group>";
		};
/* End PBXGroup section */

/* Begin PBXNativeTarget section */
		6003F589195388D20070C39A /* GTSpec_Example */ = {
			isa = PBXNativeTarget;
			buildConfigurationList = 6003F5BF195388D20070C39A /* Build configuration list for PBXNativeTarget "GTSpec_Example" */;
			buildPhases = (
				03DE42244AE11133DE10FFDC /* [CP] Check Pods Manifest.lock */,
				6003F586195388D20070C39A /* Sources */,
				6003F587195388D20070C39A /* Frameworks */,
				6003F588195388D20070C39A /* Resources */,
				8D12E153118636C727157CBC /* [CP] Embed Pods Frameworks */,
				4B7E81A0CC866CB05BEB9C02 /* [CP] Copy Pods Resources */,
			);
			buildRules = (
			);
			dependencies = (
			);
			name = GTSpec_Example;
			productName = GTSpec;
			productReference = 6003F58A195388D20070C39A /* GTSpec_Example.app */;
			productType = "com.apple.product-type.application";
		};
		6003F5AD195388D20070C39A /* GTSpec_Tests */ = {
			isa = PBXNativeTarget;
			buildConfigurationList = 6003F5C2195388D20070C39A /* Build configuration list for PBXNativeTarget "GTSpec_Tests" */;
			buildPhases = (
				4A297868F013EDD6184EE4EE /* [CP] Check Pods Manifest.lock */,
				6003F5AA195388D20070C39A /* Sources */,
				6003F5AB195388D20070C39A /* Frameworks */,
				6003F5AC195388D20070C39A /* Resources */,
				C858596D5FD6765749275870 /* [CP] Embed Pods Frameworks */,
				4EB7F34707A2691DF1DB91CD /* [CP] Copy Pods Resources */,
			);
			buildRules = (
			);
			dependencies = (
				6003F5B4195388D20070C39A /* PBXTargetDependency */,
			);
			name = GTSpec_Tests;
			productName = GTSpecTests;
			productReference = 6003F5AE195388D20070C39A /* GTSpec_Tests.xctest */;
			productType = "com.apple.product-type.bundle.unit-test";
		};
/* End PBXNativeTarget section */

/* Begin PBXProject section */
		6003F582195388D10070C39A /* Project object */ = {
			isa = PBXProject;
			attributes = {
				CLASSPREFIX = GT;
				LastUpgradeCheck = 0720;
				ORGANIZATIONNAME = "郭通";
				TargetAttributes = {
					6003F5AD195388D20070C39A = {
						TestTargetID = 6003F589195388D20070C39A;
					};
				};
			};
			buildConfigurationList = 6003F585195388D10070C39A /* Build configuration list for PBXProject "GTSpec" */;
			compatibilityVersion = "Xcode 3.2";
			developmentRegion = English;
			hasScannedForEncodings = 0;
			knownRegions = (
				en,
				Base,
			);
			mainGroup = 6003F581195388D10070C39A;
			productRefGroup = 6003F58B195388D20070C39A /* Products */;
			projectDirPath = "";
			projectRoot = "";
			targets = (
				6003F589195388D20070C39A /* GTSpec_Example */,
				6003F5AD195388D20070C39A /* GTSpec_Tests */,
			);
		};
/* End PBXProject section */

/* Begin PBXResourcesBuildPhase section */
		6003F588195388D20070C39A /* Resources */ = {
			isa = PBXResourcesBuildPhase;
			buildActionMask = 2147483647;
			files = (
				4E4704541E1C98610000FF42 /* Launch Screen.storyboard in Resources */,
				873B8AEB1B1F5CCA007FD442 /* Main.storyboard in Resources */,
				6003F5A9195388D20070C39A /* Images.xcassets in Resources */,
				4E4704A41E1CA0290000FF42 /* .gitkeep in Resources */,
				6003F598195388D20070C39A /* InfoPlist.strings in Resources */,
				4E92827A1E121C2B00C64A85 /* .gitkeep in Resources */,
			);
			runOnlyForDeploymentPostprocessing = 0;
		};
		6003F5AC195388D20070C39A /* Resources */ = {
			isa = PBXResourcesBuildPhase;
			buildActionMask = 2147483647;
			files = (
				6003F5BA195388D20070C39A /* InfoPlist.strings in Resources */,
			);
			runOnlyForDeploymentPostprocessing = 0;
		};
/* End PBXResourcesBuildPhase section */

/* Begin PBXShellScriptBuildPhase section */
		03DE42244AE11133DE10FFDC /* [CP] Check Pods Manifest.lock */ = {
			isa = PBXShellScriptBuildPhase;
			buildActionMask = 2147483647;
			files = (
			);
			inputPaths = (
			);
			name = "[CP] Check Pods Manifest.lock";
			outputPaths = (
			);
			runOnlyForDeploymentPostprocessing = 0;
			shellPath = /bin/sh;
			shellScript = "diff \"${PODS_ROOT}/../Podfile.lock\" \"${PODS_ROOT}/Manifest.lock\" > /dev/null\nif [ $? != 0 ] ; then\n    # print error to STDERR\n    echo \"error: The sandbox is not in sync with the Podfile.lock. Run 'pod install' or update your CocoaPods installation.\" >&2\n    exit 1\nfi\n";
			showEnvVarsInLog = 0;
		};
		4A297868F013EDD6184EE4EE /* [CP] Check Pods Manifest.lock */ = {
			isa = PBXShellScriptBuildPhase;
			buildActionMask = 2147483647;
			files = (
			);
			inputPaths = (
			);
			name = "[CP] Check Pods Manifest.lock";
			outputPaths = (
			);
			runOnlyForDeploymentPostprocessing = 0;
			shellPath = /bin/sh;
			shellScript = "diff \"${PODS_ROOT}/../Podfile.lock\" \"${PODS_ROOT}/Manifest.lock\" > /dev/null\nif [ $? != 0 ] ; then\n    # print error to STDERR\n    echo \"error: The sandbox is not in sync with the Podfile.lock. Run 'pod install' or update your CocoaPods installation.\" >&2\n    exit 1\nfi\n";
			showEnvVarsInLog = 0;
		};
		4B7E81A0CC866CB05BEB9C02 /* [CP] Copy Pods Resources */ = {
			isa = PBXShellScriptBuildPhase;
			buildActionMask = 2147483647;
			files = (
			);
			inputPaths = (
			);
			name = "[CP] Copy Pods Resources";
			outputPaths = (
			);
			runOnlyForDeploymentPostprocessing = 0;
			shellPath = /bin/sh;
			shellScript = "\"${SRCROOT}/Pods/Target Support Files/Pods-GTSpec_Example/Pods-GTSpec_Example-resources.sh\"\n";
			showEnvVarsInLog = 0;
		};
		4EB7F34707A2691DF1DB91CD /* [CP] Copy Pods Resources */ = {
			isa = PBXShellScriptBuildPhase;
			buildActionMask = 2147483647;
			files = (
			);
			inputPaths = (
			);
			name = "[CP] Copy Pods Resources";
			outputPaths = (
			);
			runOnlyForDeploymentPostprocessing = 0;
			shellPath = /bin/sh;
			shellScript = "\"${SRCROOT}/Pods/Target Support Files/Pods-GTSpec_Tests/Pods-GTSpec_Tests-resources.sh\"\n";
			showEnvVarsInLog = 0;
		};
		8D12E153118636C727157CBC /* [CP] Embed Pods Frameworks */ = {
			isa = PBXShellScriptBuildPhase;
			buildActionMask = 2147483647;
			files = (
			);
			inputPaths = (
			);
			name = "[CP] Embed Pods Frameworks";
			outputPaths = (
			);
			runOnlyForDeploymentPostprocessing = 0;
			shellPath = /bin/sh;
			shellScript = "\"${SRCROOT}/Pods/Target Support Files/Pods-GTSpec_Example/Pods-GTSpec_Example-frameworks.sh\"\n";
			showEnvVarsInLog = 0;
		};
		C858596D5FD6765749275870 /* [CP] Embed Pods Frameworks */ = {
			isa = PBXShellScriptBuildPhase;
			buildActionMask = 2147483647;
			files = (
			);
			inputPaths = (
			);
			name = "[CP] Embed Pods Frameworks";
			outputPaths = (
			);
			runOnlyForDeploymentPostprocessing = 0;
			shellPath = /bin/sh;
			shellScript = "\"${SRCROOT}/Pods/Target Support Files/Pods-GTSpec_Tests/Pods-GTSpec_Tests-frameworks.sh\"\n";
			showEnvVarsInLog = 0;
		};
/* End PBXShellScriptBuildPhase section */

/* Begin PBXSourcesBuildPhase section */
		6003F586195388D20070C39A /* Sources */ = {
			isa = PBXSourcesBuildPhase;
			buildActionMask = 2147483647;
			files = (
				4E4704A61E1CA0290000FF42 /* NSArray+JSONString.m in Sources */,
				4E4704A81E1CA0290000FF42 /* NSDictionary+JSONString.m in Sources */,
				6003F59E195388D20070C39A /* GTAppDelegate.m in Sources */,
				4E4704AC1E1CA0290000FF42 /* NSString+Time.m in Sources */,
				6003F5A7195388D20070C39A /* GTViewController.m in Sources */,
				4E4704AB1E1CA0290000FF42 /* NSString+Size.m in Sources */,
				4E4704AA1E1CA0290000FF42 /* NSString+Json.m in Sources */,
				4E4704AD1E1CA0290000FF42 /* NSString+URLEncode.m in Sources */,
				4E4704A51E1CA0290000FF42 /* DMPhoneBase.m in Sources */,
				4E4704A91E1CA0290000FF42 /* NSDictionary+TypeSafe.m in Sources */,
				6003F59A195388D20070C39A /* main.m in Sources */,
				4E4704A71E1CA0290000FF42 /* NSArray+Safe.m in Sources */,
				4E4704B51E1CE1670000FF42 /* GTRemindView.m in Sources */,
				4E4704AE1E1CA0290000FF42 /* UIView+Sizes.m in Sources */,
			);
			runOnlyForDeploymentPostprocessing = 0;
		};
		6003F5AA195388D20070C39A /* Sources */ = {
			isa = PBXSourcesBuildPhase;
			buildActionMask = 2147483647;
			files = (
				6003F5BC195388D20070C39A /* Tests.m in Sources */,
			);
			runOnlyForDeploymentPostprocessing = 0;
		};
/* End PBXSourcesBuildPhase section */

/* Begin PBXTargetDependency section */
		6003F5B4195388D20070C39A /* PBXTargetDependency */ = {
			isa = PBXTargetDependency;
			target = 6003F589195388D20070C39A /* GTSpec_Example */;
			targetProxy = 6003F5B3195388D20070C39A /* PBXContainerItemProxy */;
		};
/* End PBXTargetDependency section */

/* Begin PBXVariantGroup section */
		6003F596195388D20070C39A /* InfoPlist.strings */ = {
			isa = PBXVariantGroup;
			children = (
				6003F597195388D20070C39A /* en */,
			);
			name = InfoPlist.strings;
			sourceTree = "<group>";
		};
		6003F5B8195388D20070C39A /* InfoPlist.strings */ = {
			isa = PBXVariantGroup;
			children = (
				6003F5B9195388D20070C39A /* en */,
			);
			name = InfoPlist.strings;
			sourceTree = "<group>";
		};
/* End PBXVariantGroup section */

/* Begin XCBuildConfiguration section */
		6003F5BD195388D20070C39A /* Debug */ = {
			isa = XCBuildConfiguration;
			buildSettings = {
				ALWAYS_SEARCH_USER_PATHS = NO;
				CLANG_CXX_LANGUAGE_STANDARD = "gnu++0x";
				CLANG_CXX_LIBRARY = "libc++";
				CLANG_ENABLE_MODULES = YES;
				CLANG_ENABLE_OBJC_ARC = YES;
				CLANG_WARN_BOOL_CONVERSION = YES;
				CLANG_WARN_CONSTANT_CONVERSION = YES;
				CLANG_WARN_DIRECT_OBJC_ISA_USAGE = YES_ERROR;
				CLANG_WARN_EMPTY_BODY = YES;
				CLANG_WARN_ENUM_CONVERSION = YES;
				CLANG_WARN_INT_CONVERSION = YES;
				CLANG_WARN_OBJC_ROOT_CLASS = YES_ERROR;
				CLANG_WARN__DUPLICATE_METHOD_MATCH = YES;
				"CODE_SIGN_IDENTITY[sdk=iphoneos*]" = "iPhone Developer";
				COPY_PHASE_STRIP = NO;
				ENABLE_TESTABILITY = YES;
				GCC_C_LANGUAGE_STANDARD = gnu99;
				GCC_DYNAMIC_NO_PIC = NO;
				GCC_OPTIMIZATION_LEVEL = 0;
				GCC_PREPROCESSOR_DEFINITIONS = (
					"DEBUG=1",
					"$(inherited)",
				);
				GCC_SYMBOLS_PRIVATE_EXTERN = NO;
				GCC_WARN_64_TO_32_BIT_CONVERSION = YES;
				GCC_WARN_ABOUT_RETURN_TYPE = YES_ERROR;
				GCC_WARN_UNDECLARED_SELECTOR = YES;
				GCC_WARN_UNINITIALIZED_AUTOS = YES_AGGRESSIVE;
				GCC_WARN_UNUSED_FUNCTION = YES;
				GCC_WARN_UNUSED_VARIABLE = YES;
				IPHONEOS_DEPLOYMENT_TARGET = 8.0;
				ONLY_ACTIVE_ARCH = YES;
				SDKROOT = iphoneos;
				TARGETED_DEVICE_FAMILY = "1,2";
			};
			name = Debug;
		};
		6003F5BE195388D20070C39A /* Release */ = {
			isa = XCBuildConfiguration;
			buildSettings = {
				ALWAYS_SEARCH_USER_PATHS = NO;
				CLANG_CXX_LANGUAGE_STANDARD = "gnu++0x";
				CLANG_CXX_LIBRARY = "libc++";
				CLANG_ENABLE_MODULES = YES;
				CLANG_ENABLE_OBJC_ARC = YES;
				CLANG_WARN_BOOL_CONVERSION = YES;
				CLANG_WARN_CONSTANT_CONVERSION = YES;
				CLANG_WARN_DIRECT_OBJC_ISA_USAGE = YES_ERROR;
				CLANG_WARN_EMPTY_BODY = YES;
				CLANG_WARN_ENUM_CONVERSION = YES;
				CLANG_WARN_INT_CONVERSION = YES;
				CLANG_WARN_OBJC_ROOT_CLASS = YES_ERROR;
				CLANG_WARN__DUPLICATE_METHOD_MATCH = YES;
				"CODE_SIGN_IDENTITY[sdk=iphoneos*]" = "iPhone Developer";
				COPY_PHASE_STRIP = YES;
				ENABLE_NS_ASSERTIONS = NO;
				GCC_C_LANGUAGE_STANDARD = gnu99;
				GCC_WARN_64_TO_32_BIT_CONVERSION = YES;
				GCC_WARN_ABOUT_RETURN_TYPE = YES_ERROR;
				GCC_WARN_UNDECLARED_SELECTOR = YES;
				GCC_WARN_UNINITIALIZED_AUTOS = YES_AGGRESSIVE;
				GCC_WARN_UNUSED_FUNCTION = YES;
				GCC_WARN_UNUSED_VARIABLE = YES;
				IPHONEOS_DEPLOYMENT_TARGET = 8.0;
				SDKROOT = iphoneos;
				TARGETED_DEVICE_FAMILY = "1,2";
				VALIDATE_PRODUCT = YES;
			};
			name = Release;
		};
		6003F5C0195388D20070C39A /* Debug */ = {
			isa = XCBuildConfiguration;
			baseConfigurationReference = 5414211C2C57D94C5448233F /* Pods-GTSpec_Example.debug.xcconfig */;
			buildSettings = {
				ASSETCATALOG_COMPILER_APPICON_NAME = AppIcon;
				GCC_PRECOMPILE_PREFIX_HEADER = YES;
				GCC_PREFIX_HEADER = "GTSpec/GTSpec-Prefix.pch";
				INFOPLIST_FILE = "GTSpec/GTSpec-Info.plist";
				MODULE_NAME = ExampleApp;
				PRODUCT_BUNDLE_IDENTIFIER = "org.cocoapods.demo.${PRODUCT_NAME:rfc1034identifier}";
				PRODUCT_NAME = "$(TARGET_NAME)";
				TARGETED_DEVICE_FAMILY = 1;
				WRAPPER_EXTENSION = app;
			};
			name = Debug;
		};
		6003F5C1195388D20070C39A /* Release */ = {
			isa = XCBuildConfiguration;
			baseConfigurationReference = 35B8BAFAFE41979E910C0F91 /* Pods-GTSpec_Example.release.xcconfig */;
			buildSettings = {
				ASSETCATALOG_COMPILER_APPICON_NAME = AppIcon;
				GCC_PRECOMPILE_PREFIX_HEADER = YES;
				GCC_PREFIX_HEADER = "GTSpec/GTSpec-Prefix.pch";
				INFOPLIST_FILE = "GTSpec/GTSpec-Info.plist";
				MODULE_NAME = ExampleApp;
				PRODUCT_BUNDLE_IDENTIFIER = "org.cocoapods.demo.${PRODUCT_NAME:rfc1034identifier}";
				PRODUCT_NAME = "$(TARGET_NAME)";
				TARGETED_DEVICE_FAMILY = 1;
				WRAPPER_EXTENSION = app;
			};
			name = Release;
		};
		6003F5C3195388D20070C39A /* Debug */ = {
			isa = XCBuildConfiguration;
			baseConfigurationReference = D811B668E0EDDF125894C5ED /* Pods-GTSpec_Tests.debug.xcconfig */;
			buildSettings = {
				BUNDLE_LOADER = "$(TEST_HOST)";
				FRAMEWORK_SEARCH_PATHS = (
					"$(SDKROOT)/Developer/Library/Frameworks",
					"$(inherited)",
					"$(DEVELOPER_FRAMEWORKS_DIR)",
				);
				GCC_PRECOMPILE_PREFIX_HEADER = YES;
				GCC_PREFIX_HEADER = "Tests/Tests-Prefix.pch";
				GCC_PREPROCESSOR_DEFINITIONS = (
					"DEBUG=1",
					"$(inherited)",
				);
				INFOPLIST_FILE = "Tests/Tests-Info.plist";
				PRODUCT_BUNDLE_IDENTIFIER = "org.cocoapods.demo.${PRODUCT_NAME:rfc1034identifier}";
				PRODUCT_NAME = "$(TARGET_NAME)";
				TEST_HOST = "$(BUILT_PRODUCTS_DIR)/GTSpec_Example.app/GTSpec_Example";
				WRAPPER_EXTENSION = xctest;
			};
			name = Debug;
		};
		6003F5C4195388D20070C39A /* Release */ = {
			isa = XCBuildConfiguration;
			baseConfigurationReference = C96A7FE1B8D4B8C7CDF96103 /* Pods-GTSpec_Tests.release.xcconfig */;
			buildSettings = {
				BUNDLE_LOADER = "$(TEST_HOST)";
				FRAMEWORK_SEARCH_PATHS = (
					"$(SDKROOT)/Developer/Library/Frameworks",
					"$(inherited)",
					"$(DEVELOPER_FRAMEWORKS_DIR)",
				);
				GCC_PRECOMPILE_PREFIX_HEADER = YES;
				GCC_PREFIX_HEADER = "Tests/Tests-Prefix.pch";
				INFOPLIST_FILE = "Tests/Tests-Info.plist";
				PRODUCT_BUNDLE_IDENTIFIER = "org.cocoapods.demo.${PRODUCT_NAME:rfc1034identifier}";
				PRODUCT_NAME = "$(TARGET_NAME)";
				TEST_HOST = "$(BUILT_PRODUCTS_DIR)/GTSpec_Example.app/GTSpec_Example";
				WRAPPER_EXTENSION = xctest;
			};
			name = Release;
		};
/* End XCBuildConfiguration section */

/* Begin XCConfigurationList section */
		6003F585195388D10070C39A /* Build configuration list for PBXProject "GTSpec" */ = {
			isa = XCConfigurationList;
			buildConfigurations = (
				6003F5BD195388D20070C39A /* Debug */,
				6003F5BE195388D20070C39A /* Release */,
			);
			defaultConfigurationIsVisible = 0;
			defaultConfigurationName = Release;
		};
		6003F5BF195388D20070C39A /* Build configuration list for PBXNativeTarget "GTSpec_Example" */ = {
			isa = XCConfigurationList;
			buildConfigurations = (
				6003F5C0195388D20070C39A /* Debug */,
				6003F5C1195388D20070C39A /* Release */,
			);
			defaultConfigurationIsVisible = 0;
			defaultConfigurationName = Release;
		};
		6003F5C2195388D20070C39A /* Build configuration list for PBXNativeTarget "GTSpec_Tests" */ = {
			isa = XCConfigurationList;
			buildConfigurations = (
				6003F5C3195388D20070C39A /* Debug */,
				6003F5C4195388D20070C39A /* Release */,
			);
			defaultConfigurationIsVisible = 0;
			defaultConfigurationName = Release;
		};
/* End XCConfigurationList section */
	};
	rootObject = 6003F582195388D10070C39A /* Project object */;
}
